
Microsoft Visual Studio Solution File, Format Version 12.00
# Visual Studio Version 17
VisualStudioVersion = 17.9.34728.123
MinimumVisualStudioVersion = 10.0.40219.1
Project("{FAE04EC0-301F-11D3-BF4B-00C04F79EFBC}") = "csharp-gestore-eventi", "csharp-gestore-eventi\csharp-gestore-eventi.csproj", "{DEF7FAF5-1393-4925-A845-B07449284B7E}"
EndProject
Global
	GlobalSection(SolutionConfigurationPlatforms) = preSolution
		Debug|Any CPU = Debug|Any CPU
		Release|Any CPU = Release|Any CPU
	EndGlobalSection
	GlobalSection(ProjectConfigurationPlatforms) = postSolution
		{DEF7FAF5-1393-4925-A845-B07449284B7E}.Debug|Any CPU.ActiveCfg = Debug|Any CPU
		{DEF7FAF5-1393-4925-A845-B07449284B7E}.Debug|Any CPU.Build.0 = Debug|Any CPU
		{DEF7FAF5-1393-4925-A845-B07449284B7E}.Release|Any CPU.ActiveCfg = Release|Any CPU
		{DEF7FAF5-1393-4925-A845-B07449284B7E}.Release|Any CPU.Build.0 = Release|Any CPU
	EndGlobalSection
	GlobalSection(SolutionProperties) = preSolution
		HideSolutionNode = FALSE
	EndGlobalSection
	GlobalSection(ExtensibilityGlobals) = postSolution
		SolutionGuid = {D08D0DF9-9BDD-4E56-948A-A54FE60E076A}
	EndGlobalSection
EndGlobal
